
Microsoft Visual Studio Solution File, Format Version 12.00
# Visual Studio Version 16
VisualStudioVersion = 16.0.30204.135
MinimumVisualStudioVersion = 10.0.40219.1
Project("{151D2E53-A2C4-4D7D-83FE-D05416EBD58E}") = "AzureResourceGroup2", "AzureResourceGroup2\AzureResourceGroup2.deployproj", "{F50714C6-6FCB-4ED8-AE9C-1731A383733A}"
EndProject
Global
	GlobalSection(SolutionConfigurationPlatforms) = preSolution
		Debug|Any CPU = Debug|Any CPU
		Release|Any CPU = Release|Any CPU
	EndGlobalSection
	GlobalSection(ProjectConfigurationPlatforms) = postSolution
		{F50714C6-6FCB-4ED8-AE9C-1731A383733A}.Debug|Any CPU.ActiveCfg = Debug|Any CPU
		{F50714C6-6FCB-4ED8-AE9C-1731A383733A}.Debug|Any CPU.Build.0 = Debug|Any CPU
		{F50714C6-6FCB-4ED8-AE9C-1731A383733A}.Release|Any CPU.ActiveCfg = Release|Any CPU
		{F50714C6-6FCB-4ED8-AE9C-1731A383733A}.Release|Any CPU.Build.0 = Release|Any CPU
	EndGlobalSection
	GlobalSection(SolutionProperties) = preSolution
		HideSolutionNode = FALSE
	EndGlobalSection
	GlobalSection(ExtensibilityGlobals) = postSolution
		SolutionGuid = {F674B1D4-141D-4815-A81E-EC66888F9931}
	EndGlobalSection
EndGlobal
